{
    "_readme": [
        "This file locks the dependencies of your project to a known state",
        "Read more about it at https://getcomposer.org/doc/01-basic-usage.md#composer-lock-the-lock-file",
        "This file is @generated automatically"
    ],
    "hash": "cc80da694566f7bb3b72f24fb186e95f",
    "packages": [
        {
            "name": "data-values/common",
            "version": "0.2.3",
            "source": {
                "type": "git",
                "url": "https://github.com/DataValues/Common.git",
                "reference": "c9f4dfd8af6337eb097d722b27fa76fa58dd441a"
            },
            "dist": {
                "type": "zip",
                "url": "https://api.github.com/repos/DataValues/Common/zipball/c9f4dfd8af6337eb097d722b27fa76fa58dd441a",
                "reference": "c9f4dfd8af6337eb097d722b27fa76fa58dd441a",
                "shasum": ""
            },
            "require": {
                "data-values/data-values": "~1.0|~0.1",
                "data-values/interfaces": "~0.1.4",
                "php": ">=5.3.0"
            },
            "type": "library",
            "extra": {
                "branch-alias": {
                    "dev-master": "0.2.x-dev"
                }
            },
            "autoload": {
                "files": [
                    "Common.php"
                ],
                "psr-0": {
                    "DataValues\\": "src",
                    "ValueFormatters\\": "src",
                    "ValueParsers\\": "src"
                },
                "classmap": [
                    "tests/ValueParsers"
                ]
            },
            "notification-url": "https://packagist.org/downloads/",
            "license": [
                "GPL-2.0+"
            ],
            "authors": [
                {
                    "name": "Jeroen De Dauw",
                    "email": "jeroendedauw@gmail.com",
                    "homepage": "http://jeroendedauw.com",
                    "role": "Developer"
                }
            ],
            "description": "Contains common implementations of the interfaces defined by DataValuesInterfaces",
            "homepage": "https://github.com/DataValues/Common",
            "keywords": [
                "datavalues",
                "valueformatters",
                "valueparsers",
                "valuevalidators",
                "wikidata"
            ],
            "time": "2014-10-09 18:21:19"
        },
        {
            "name": "data-values/data-values",
            "version": "1.0.0",
            "source": {
                "type": "git",
                "url": "https://github.com/DataValues/DataValues.git",
                "reference": "de2b9abdbc26c4c393b25aa621619dfe3fc10fdc"
            },
            "dist": {
                "type": "zip",
                "url": "https://api.github.com/repos/DataValues/DataValues/zipball/de2b9abdbc26c4c393b25aa621619dfe3fc10fdc",
                "reference": "de2b9abdbc26c4c393b25aa621619dfe3fc10fdc",
                "shasum": ""
            },
            "require": {
                "php": ">=5.3.0"
            },
            "replace": {
                "mediawiki/data-values": "*"
            },
            "type": "library",
            "extra": {
                "branch-alias": {
                    "dev-master": "1.0.x-dev"
                }
            },
            "autoload": {
                "files": [
                    "DataValues.php"
                ],
                "classmap": [
                    "src/interfaces",
                    "tests/phpunit/DataValueTest.php"
                ],
                "psr-0": {
                    "DataValues\\": "src/"
                }
            },
            "notification-url": "https://packagist.org/downloads/",
            "license": [
                "GPL-2.0+"
            ],
            "authors": [
                {
                    "name": "Jeroen De Dauw",
                    "email": "jeroendedauw@gmail.com",
                    "homepage": "http://jeroendedauw.com",
                    "role": "Developer"
                }
            ],
            "description": "Defines the DataValue interface and some trivial implementations",
            "homepage": "https://github.com/DataValues/DataValues",
            "keywords": [
                "datavalues",
                "wikibase",
                "wikidata"
            ],
            "time": "2014-09-26 07:02:27"
        },
        {
            "name": "data-values/interfaces",
            "version": "0.1.5",
            "source": {
                "type": "git",
                "url": "https://github.com/DataValues/Interfaces.git",
                "reference": "f563e6a55547046070e3d79b5662b620005558d8"
            },
            "dist": {
                "type": "zip",
                "url": "https://api.github.com/repos/DataValues/Interfaces/zipball/f563e6a55547046070e3d79b5662b620005558d8",
                "reference": "f563e6a55547046070e3d79b5662b620005558d8",
                "shasum": ""
            },
            "require": {
                "php": ">=5.3.0"
            },
            "type": "library",
            "autoload": {
                "files": [
                    "Interfaces.php"
                ],
                "psr-0": {
                    "ValueFormatters\\": "src",
                    "ValueParsers\\": "src",
                    "ValueValidators\\": "src"
                },
                "classmap": [
                    "tests/ValueFormatters/ValueFormatterTestBase.php"
                ]
            },
            "notification-url": "https://packagist.org/downloads/",
            "license": [
                "GPL-2.0+"
            ],
            "authors": [
                {
                    "name": "Jeroen De Dauw",
                    "email": "jeroendedauw@gmail.com",
                    "homepage": "http://jeroendedauw.com",
                    "role": "Developer"
                }
            ],
            "description": "Defines interfaces for ValueParsers, ValueFormatters and ValueValidators",
            "homepage": "https://github.com/DataValues/Interfaces",
            "keywords": [
                "datavalues",
                "valueformatters",
                "valueparsers",
                "valuevalidators",
                "wikidata"
            ],
            "time": "2015-02-14 02:37:02"
        },
        {
            "name": "data-values/validators",
            "version": "0.1.2",
            "source": {
                "type": "git",
                "url": "https://github.com/DataValues/Validators.git",
                "reference": "726f54fdc6bf58aa4f5405ae3d9c3f2b0f916141"
            },
            "dist": {
                "type": "zip",
                "url": "https://api.github.com/repos/DataValues/Validators/zipball/726f54fdc6bf58aa4f5405ae3d9c3f2b0f916141",
                "reference": "726f54fdc6bf58aa4f5405ae3d9c3f2b0f916141",
                "shasum": ""
            },
            "require": {
                "data-values/data-values": "~1.0|~0.1",
                "data-values/interfaces": "~0.1",
                "php": ">=5.3.0"
            },
            "type": "library",
            "extra": {
                "branch-alias": {
                    "dev-master": "0.1.x-dev"
                }
            },
            "autoload": {
                "files": [
                    "Validators.php"
                ],
                "psr-4": {
                    "ValueValidators\\": "src"
                }
            },
            "notification-url": "https://packagist.org/downloads/",
            "license": [
                "GPL-2.0+"
            ],
            "authors": [
                {
                    "name": "Jeroen De Dauw",
                    "email": "jeroendedauw@gmail.com",
                    "homepage": "http://jeroendedauw.com",
                    "role": "Developer"
                },
                {
                    "name": "The Wikidata team",
                    "role": "Developer"
                }
            ],
            "description": "Common ValueValidator implementations",
            "homepage": "https://github.com/DataValues/Validators",
            "keywords": [
                "datavalues",
                "validation",
                "validators",
                "valueformatters",
                "valueparsers",
                "wikidata"
            ],
            "time": "2014-10-09 19:10:23"
        },
        {
            "name": "param-processor/param-processor",
            "version": "1.2.2",
            "source": {
                "type": "git",
                "url": "https://github.com/JeroenDeDauw/ParamProcessor.git",
                "reference": "d046926ec7e3ef33e29c0ca3e4af3a92363376aa"
            },
            "dist": {
                "type": "zip",
                "url": "https://api.github.com/repos/JeroenDeDauw/ParamProcessor/zipball/d046926ec7e3ef33e29c0ca3e4af3a92363376aa",
                "reference": "d046926ec7e3ef33e29c0ca3e4af3a92363376aa",
                "shasum": ""
            },
            "require": {
                "data-values/common": "~0.2.2",
                "data-values/data-values": "~1.0|~0.1.1",
                "data-values/interfaces": "~0.1.4",
                "data-values/validators": "~0.1.1",
                "php": ">=5.3.0"
            },
            "type": "library",
            "extra": {
                "branch-alias": {
                    "dev-master": "1.2.x-dev"
                }
            },
            "autoload": {
                "psr-4": {
                    "ParamProcessor\\": "src"
                },
                "classmap": [
                    "tests/phpunit/Definitions/ParamDefinitionTest.php",
                    "tests/phpunit/Definitions/NumericParamTest.php"
                ],
                "files": [
                    "DefaultConfig.php"
                ]
            },
            "notification-url": "https://packagist.org/downloads/",
            "license": [
                "GPL-2.0+"
            ],
            "authors": [
                {
                    "name": "Jeroen De Dauw",
                    "email": "jeroendedauw@gmail.com",
                    "homepage": "http://jeroendedauw.com",
                    "role": "Developer"
                }
            ],
            "description": "Parameter processing library",
            "homepage": "https://github.com/JeroenDeDauw/ParamProcessor",
            "keywords": [
                "ParamProcessor",
                "SMW",
                "Semantic MediaWiki",
                "mediawiki",
                "validator"
            ],
            "time": "2014-10-24 16:04:12"
        }
    ],
    "packages-dev": [],
    "aliases": [],
    "minimum-stability": "stable",
    "stability-flags": [],
    "prefer-stable": false,
    "prefer-lowest": false,
    "platform": {
        "php": ">=5.3.0"
    },
    "platform-dev": []
}
